
Microsoft Visual Studio Solution File, Format Version 12.00
# Visual Studio 15
VisualStudioVersion = 15.0.26730.3
MinimumVisualStudioVersion = 10.0.40219.1
Project("{9A19103F-16F7-4668-BE54-9A1E7A4F7556}") = "MyADO", "MyADO\MyADO.csproj", "{CC01C03A-92A8-4843-A9FD-879FB8F25045}"
EndProject
Project("{2150E333-8FDC-42A3-9474-1A3956D46DE8}") = "04.Infrastructure", "04.Infrastructure", "{FED6F219-9780-46C5-A9B8-24163443A921}"
EndProject
Project("{2150E333-8FDC-42A3-9474-1A3956D46DE8}") = "01.UI", "01.UI", "{D75E8348-8B86-4C2A-85F5-32697F386C2D}"
EndProject
Project("{2150E333-8FDC-42A3-9474-1A3956D46DE8}") = "02.Application", "02.Application", "{C7FFC442-EEA5-4213-AFE9-B98C2BB792A0}"
EndProject
Project("{2150E333-8FDC-42A3-9474-1A3956D46DE8}") = "03.Domain", "03.Domain", "{F93B1A95-9074-4174-9E23-2C1E2B4BD299}"
EndProject
Project("{2150E333-8FDC-42A3-9474-1A3956D46DE8}") = "05.UnitTest", "05.UnitTest", "{7E12C785-CCB9-42C6-8B9B-C31E40FC3F0A}"
EndProject
Project("{9A19103F-16F7-4668-BE54-9A1E7A4F7556}") = "JX.Infrastructure", "JX.Infrastructure\JX.Infrastructure.csproj", "{CF6D30AC-6FCB-4EA5-86A1-884587EE8C48}"
EndProject
Project("{2150E333-8FDC-42A3-9474-1A3956D46DE8}") = "Solution Items", "Solution Items", "{A74311D6-2C72-40D0-8831-9DBB8F128EBF}"
	ProjectSection(SolutionItems) = preProject
		ReadMe.txt = ReadMe.txt
		数据库说明.txt = 数据库说明.txt
	EndProjectSection
EndProject
Project("{9A19103F-16F7-4668-BE54-9A1E7A4F7556}") = "JXWebHost", "JXWebHost\JXWebHost.csproj", "{5AECE455-EAD1-4C4C-B398-CE2D8E4DB3FC}"
EndProject
Project("{9A19103F-16F7-4668-BE54-9A1E7A4F7556}") = "JX.Core", "JX.Core\JX.Core.csproj", "{ED0790A3-00D7-4C75-8A5F-AEA844F69E35}"
EndProject
Project("{9A19103F-16F7-4668-BE54-9A1E7A4F7556}") = "JX.ADO", "JX.ADO\JX.ADO.csproj", "{7849EF83-A603-4179-BDA0-206097AD3679}"
EndProject
Project("{9A19103F-16F7-4668-BE54-9A1E7A4F7556}") = "JX.Application", "JX.Application\JX.Application.csproj", "{21CAD6E2-5805-4681-8469-C32B03FAE0EA}"
EndProject
Project("{9A19103F-16F7-4668-BE54-9A1E7A4F7556}") = "JX.EF", "JX.EF\JX.EF.csproj", "{359BA1E8-D161-4372-9F42-D8DCAE2D7163}"
EndProject
Project("{9A19103F-16F7-4668-BE54-9A1E7A4F7556}") = "JwtIssuer", "JwtIssuer\JwtIssuer.csproj", "{6B610953-A43A-481F-8A28-D8AF922734C5}"
EndProject
Project("{9A19103F-16F7-4668-BE54-9A1E7A4F7556}") = "JwtAudience", "JwtAudience\JwtAudience.csproj", "{ABD236DC-4282-4E3A-9EF9-569410143385}"
EndProject
Global
	GlobalSection(SolutionConfigurationPlatforms) = preSolution
		Debug|Any CPU = Debug|Any CPU
		Release|Any CPU = Release|Any CPU
	EndGlobalSection
	GlobalSection(ProjectConfigurationPlatforms) = postSolution
		{CC01C03A-92A8-4843-A9FD-879FB8F25045}.Debug|Any CPU.ActiveCfg = Debug|Any CPU
		{CC01C03A-92A8-4843-A9FD-879FB8F25045}.Debug|Any CPU.Build.0 = Debug|Any CPU
		{CC01C03A-92A8-4843-A9FD-879FB8F25045}.Release|Any CPU.ActiveCfg = Release|Any CPU
		{CC01C03A-92A8-4843-A9FD-879FB8F25045}.Release|Any CPU.Build.0 = Release|Any CPU
		{CF6D30AC-6FCB-4EA5-86A1-884587EE8C48}.Debug|Any CPU.ActiveCfg = Debug|Any CPU
		{CF6D30AC-6FCB-4EA5-86A1-884587EE8C48}.Debug|Any CPU.Build.0 = Debug|Any CPU
		{CF6D30AC-6FCB-4EA5-86A1-884587EE8C48}.Release|Any CPU.ActiveCfg = Release|Any CPU
		{CF6D30AC-6FCB-4EA5-86A1-884587EE8C48}.Release|Any CPU.Build.0 = Release|Any CPU
		{5AECE455-EAD1-4C4C-B398-CE2D8E4DB3FC}.Debug|Any CPU.ActiveCfg = Debug|Any CPU
		{5AECE455-EAD1-4C4C-B398-CE2D8E4DB3FC}.Debug|Any CPU.Build.0 = Debug|Any CPU
		{5AECE455-EAD1-4C4C-B398-CE2D8E4DB3FC}.Release|Any CPU.ActiveCfg = Release|Any CPU
		{5AECE455-EAD1-4C4C-B398-CE2D8E4DB3FC}.Release|Any CPU.Build.0 = Release|Any CPU
		{ED0790A3-00D7-4C75-8A5F-AEA844F69E35}.Debug|Any CPU.ActiveCfg = Debug|Any CPU
		{ED0790A3-00D7-4C75-8A5F-AEA844F69E35}.Debug|Any CPU.Build.0 = Debug|Any CPU
		{ED0790A3-00D7-4C75-8A5F-AEA844F69E35}.Release|Any CPU.ActiveCfg = Release|Any CPU
		{ED0790A3-00D7-4C75-8A5F-AEA844F69E35}.Release|Any CPU.Build.0 = Release|Any CPU
		{7849EF83-A603-4179-BDA0-206097AD3679}.Debug|Any CPU.ActiveCfg = Debug|Any CPU
		{7849EF83-A603-4179-BDA0-206097AD3679}.Debug|Any CPU.Build.0 = Debug|Any CPU
		{7849EF83-A603-4179-BDA0-206097AD3679}.Release|Any CPU.ActiveCfg = Release|Any CPU
		{7849EF83-A603-4179-BDA0-206097AD3679}.Release|Any CPU.Build.0 = Release|Any CPU
		{21CAD6E2-5805-4681-8469-C32B03FAE0EA}.Debug|Any CPU.ActiveCfg = Debug|Any CPU
		{21CAD6E2-5805-4681-8469-C32B03FAE0EA}.Debug|Any CPU.Build.0 = Debug|Any CPU
		{21CAD6E2-5805-4681-8469-C32B03FAE0EA}.Release|Any CPU.ActiveCfg = Release|Any CPU
		{21CAD6E2-5805-4681-8469-C32B03FAE0EA}.Release|Any CPU.Build.0 = Release|Any CPU
		{359BA1E8-D161-4372-9F42-D8DCAE2D7163}.Debug|Any CPU.ActiveCfg = Debug|Any CPU
		{359BA1E8-D161-4372-9F42-D8DCAE2D7163}.Debug|Any CPU.Build.0 = Debug|Any CPU
		{359BA1E8-D161-4372-9F42-D8DCAE2D7163}.Release|Any CPU.ActiveCfg = Release|Any CPU
		{359BA1E8-D161-4372-9F42-D8DCAE2D7163}.Release|Any CPU.Build.0 = Release|Any CPU
		{6B610953-A43A-481F-8A28-D8AF922734C5}.Debug|Any CPU.ActiveCfg = Debug|Any CPU
		{6B610953-A43A-481F-8A28-D8AF922734C5}.Debug|Any CPU.Build.0 = Debug|Any CPU
		{6B610953-A43A-481F-8A28-D8AF922734C5}.Release|Any CPU.ActiveCfg = Release|Any CPU
		{6B610953-A43A-481F-8A28-D8AF922734C5}.Release|Any CPU.Build.0 = Release|Any CPU
		{ABD236DC-4282-4E3A-9EF9-569410143385}.Debug|Any CPU.ActiveCfg = Debug|Any CPU
		{ABD236DC-4282-4E3A-9EF9-569410143385}.Debug|Any CPU.Build.0 = Debug|Any CPU
		{ABD236DC-4282-4E3A-9EF9-569410143385}.Release|Any CPU.ActiveCfg = Release|Any CPU
		{ABD236DC-4282-4E3A-9EF9-569410143385}.Release|Any CPU.Build.0 = Release|Any CPU
	EndGlobalSection
	GlobalSection(SolutionProperties) = preSolution
		HideSolutionNode = FALSE
	EndGlobalSection
	GlobalSection(NestedProjects) = preSolution
		{CC01C03A-92A8-4843-A9FD-879FB8F25045} = {FED6F219-9780-46C5-A9B8-24163443A921}
		{CF6D30AC-6FCB-4EA5-86A1-884587EE8C48} = {FED6F219-9780-46C5-A9B8-24163443A921}
		{5AECE455-EAD1-4C4C-B398-CE2D8E4DB3FC} = {D75E8348-8B86-4C2A-85F5-32697F386C2D}
		{ED0790A3-00D7-4C75-8A5F-AEA844F69E35} = {F93B1A95-9074-4174-9E23-2C1E2B4BD299}
		{7849EF83-A603-4179-BDA0-206097AD3679} = {FED6F219-9780-46C5-A9B8-24163443A921}
		{21CAD6E2-5805-4681-8469-C32B03FAE0EA} = {C7FFC442-EEA5-4213-AFE9-B98C2BB792A0}
		{359BA1E8-D161-4372-9F42-D8DCAE2D7163} = {FED6F219-9780-46C5-A9B8-24163443A921}
		{6B610953-A43A-481F-8A28-D8AF922734C5} = {D75E8348-8B86-4C2A-85F5-32697F386C2D}
		{ABD236DC-4282-4E3A-9EF9-569410143385} = {D75E8348-8B86-4C2A-85F5-32697F386C2D}
	EndGlobalSection
	GlobalSection(ExtensibilityGlobals) = postSolution
		SolutionGuid = {F474A3E1-93EC-4C7D-92B9-9A8447D279A8}
	EndGlobalSection
EndGlobal
